
Microsoft Visual Studio Solution File, Format Version 12.00
# Visual Studio 15
VisualStudioVersion = 15.0.27130.2027
MinimumVisualStudioVersion = 10.0.40219.1
Project("{FAE04EC0-301F-11D3-BF4B-00C04F79EFBC}") = "TestAssemblyVersioning", "TestAssemblyVersioning\TestAssemblyVersioning.csproj", "{27394071-8A3E-435E-AA40-F683C76E5FD4}"
EndProject
Project("{2150E333-8FDC-42A3-9474-1A3956D46DE8}") = "Solution Items", "Solution Items", "{CA149971-368D-47D7-B4BD-62E9685BCC2E}"
	ProjectSection(SolutionItems) = preProject
		build.cake = build.cake
	EndProjectSection
EndProject
Global
	GlobalSection(SolutionConfigurationPlatforms) = preSolution
		Debug|Any CPU = Debug|Any CPU
		Release|Any CPU = Release|Any CPU
	EndGlobalSection
	GlobalSection(ProjectConfigurationPlatforms) = postSolution
		{27394071-8A3E-435E-AA40-F683C76E5FD4}.Debug|Any CPU.ActiveCfg = Debug|Any CPU
		{27394071-8A3E-435E-AA40-F683C76E5FD4}.Debug|Any CPU.Build.0 = Debug|Any CPU
		{27394071-8A3E-435E-AA40-F683C76E5FD4}.Release|Any CPU.ActiveCfg = Release|Any CPU
		{27394071-8A3E-435E-AA40-F683C76E5FD4}.Release|Any CPU.Build.0 = Release|Any CPU
	EndGlobalSection
	GlobalSection(SolutionProperties) = preSolution
		HideSolutionNode = FALSE
	EndGlobalSection
	GlobalSection(ExtensibilityGlobals) = postSolution
		SolutionGuid = {97E8F039-2216-46C1-B3A8-72600E4129A5}
	EndGlobalSection
EndGlobal
